{
  "version": 4,
  "terraform_version": "1.9.5",
  "serial": 80,
  "lineage": "d3c9d6c9-35c9-036c-943d-e4363cd7d905",
  "outputs": {
    "app_service_account_email": {
      "value": "travel-planner-app@super-billwencheng-test001.iam.gserviceaccount.com",
      "type": "string"
    },
    "cloud_run_service_name": {
      "value": "travel-planner",
      "type": "string"
    },
    "cloud_run_service_url": {
      "value": "https://travel-planner-vb2n4nzyda-uc.a.run.app",
      "type": "string"
    },
    "logs_bucket_name": {
      "value": "super-billwencheng-test001-travel-planner-logs",
      "type": "string"
    },
    "telemetry_bigquery_connection_id": {
      "value": "travel-planner-genai-telemetry",
      "type": "string"
    },
    "telemetry_dataset_id": {
      "value": "travel_planner_telemetry",
      "type": "string"
    }
  },
  "resources": [
    {
      "mode": "data",
      "type": "google_project",
      "name": "project",
      "provider": "provider[\"registry.terraform.io/hashicorp/google\"]",
      "instances": [
        {
          "schema_version": 0,
          "attributes": {
            "auto_create_network": null,
            "billing_account": "01A0FF-77713F-720B99",
            "deletion_policy": "PREVENT",
            "effective_labels": {},
            "folder_id": "",
            "id": "projects/super-billwencheng-test001",
            "labels": {},
            "name": "super-billwencheng-test001",
            "number": "867862513515",
            "org_id": "248845811218",
            "project_id": "super-billwencheng-test001",
            "tags": null,
            "terraform_labels": {}
          },
          "sensitive_attributes": []
        }
      ]
    },
    {
      "mode": "managed",
      "type": "google_bigquery_connection",
      "name": "genai_telemetry_connection",
      "provider": "provider[\"registry.terraform.io/hashicorp/google\"]",
      "instances": [
        {
          "schema_version": 0,
          "attributes": {
            "aws": [],
            "azure": [],
            "cloud_resource": [
              {
                "service_account_id": "bqcx-867862513515-khbi@gcp-sa-bigquery-condel.iam.gserviceaccount.com"
              }
            ],
            "cloud_spanner": [],
            "cloud_sql": [],
            "connection_id": "travel-planner-genai-telemetry",
            "description": "",
            "friendly_name": "travel-planner GenAI Telemetry Connection",
            "has_credential": false,
            "id": "projects/super-billwencheng-test001/locations/us-central1/connections/travel-planner-genai-telemetry",
            "kms_key_name": "",
            "location": "us-central1",
            "name": "projects/867862513515/locations/us-central1/connections/travel-planner-genai-telemetry",
            "project": "super-billwencheng-test001",
            "spark": [],
            "timeouts": null
          },
          "sensitive_attributes": [],
          "private": "eyJlMmJmYjczMC1lY2FhLTExZTYtOGY4OC0zNDM2M2JjN2M0YzAiOnsiY3JlYXRlIjoxMjAwMDAwMDAwMDAwLCJkZWxldGUiOjEyMDAwMDAwMDAwMDAsInVwZGF0ZSI6MTIwMDAwMDAwMDAwMH19",
          "dependencies": [
            "google_project_service.services"
          ]
        }
      ]
    },
    {
      "mode": "managed",
      "type": "google_bigquery_dataset",
      "name": "telemetry_dataset",
      "provider": "provider[\"registry.terraform.io/hashicorp/google\"]",
      "instances": [
        {
          "schema_version": 0,
          "attributes": {
            "access": [
              {
                "condition": [],
                "dataset": [],
                "domain": "",
                "group_by_email": "",
                "iam_member": "",
                "role": "OWNER",
                "routine": [],
                "special_group": "",
                "user_by_email": "admin@billwencheng.altostrat.com",
                "view": []
              },
              {
                "condition": [],
                "dataset": [],
                "domain": "",
                "group_by_email": "",
                "iam_member": "",
                "role": "OWNER",
                "routine": [],
                "special_group": "projectOwners",
                "user_by_email": "",
                "view": []
              },
              {
                "condition": [],
                "dataset": [],
                "domain": "",
                "group_by_email": "",
                "iam_member": "",
                "role": "READER",
                "routine": [],
                "special_group": "projectReaders",
                "user_by_email": "",
                "view": []
              },
              {
                "condition": [],
                "dataset": [],
                "domain": "",
                "group_by_email": "",
                "iam_member": "",
                "role": "WRITER",
                "routine": [],
                "special_group": "",
                "user_by_email": "service-867862513515@gcp-sa-logging.iam.gserviceaccount.com",
                "view": []
              },
              {
                "condition": [],
                "dataset": [],
                "domain": "",
                "group_by_email": "",
                "iam_member": "",
                "role": "WRITER",
                "routine": [],
                "special_group": "projectWriters",
                "user_by_email": "",
                "view": []
              }
            ],
            "creation_time": 1786689637838,
            "dataset_id": "travel_planner_telemetry",
            "default_collation": "",
            "default_encryption_configuration": [],
            "default_partition_expiration_ms": 0,
            "default_table_expiration_ms": 0,
            "delete_contents_on_destroy": false,
            "description": "Dataset for GenAI telemetry data stored in GCS",
            "effective_labels": {
              "goog-terraform-provisioned": "true"
            },
            "etag": "ost7M3erG2a/iK/cKaIt7w==",
            "external_catalog_dataset_options": [],
            "external_dataset_reference": [],
            "friendly_name": "travel-planner Telemetry",
            "id": "projects/super-billwencheng-test001/datasets/travel_planner_telemetry",
            "is_case_insensitive": false,
            "labels": {},
            "last_modified_time": 1787029378723,
            "location": "us-east1",
            "max_time_travel_hours": "168",
            "project": "super-billwencheng-test001",
            "resource_tags": {},
            "self_link": "https://bigquery.googleapis.com/bigquery/v2/projects/super-billwencheng-test001/datasets/travel_planner_telemetry",
            "storage_billing_model": "",
            "terraform_labels": {
              "goog-terraform-provisioned": "true"
            },
            "timeouts": null
          },
          "sensitive_attributes": [],
          "private": "eyJlMmJmYjczMC1lY2FhLTExZTYtOGY4OC0zNDM2M2JjN2M0YzAiOnsiY3JlYXRlIjoxMjAwMDAwMDAwMDAwLCJkZWxldGUiOjEyMDAwMDAwMDAwMDAsInVwZGF0ZSI6MTIwMDAwMDAwMDAwMH19",
          "dependencies": [
            "google_project_service.services"
          ]
        }
      ]
    },
    {
      "mode": "managed",
      "type": "google_bigquery_dataset_iam_member",
      "name": "feedback_logs_bq_writer",
      "provider": "provider[\"registry.terraform.io/hashicorp/google\"]",
      "instances": [
        {
          "schema_version": 0,
          "attributes": {
            "condition": [],
            "dataset_id": "travel_planner_telemetry",
            "etag": "",
            "id": "projects/super-billwencheng-test001/datasets/travel_planner_telemetry/roles/bigquery.dataEditor/serviceAccount:service-867862513515@gcp-sa-logging.iam.gserviceaccount.com",
            "member": "serviceAccount:service-867862513515@gcp-sa-logging.iam.gserviceaccount.com",
            "project": "super-billwencheng-test001",
            "role": "roles/bigquery.dataEditor"
          },
          "sensitive_attributes": [],
          "private": "bnVsbA==",
          "dependencies": [
            "google_bigquery_dataset.telemetry_dataset",
            "google_logging_project_sink.feedback_logs_to_bq",
            "google_project_service.services"
          ]
        }
      ]
    },
    {
      "mode": "managed",
      "type": "google_bigquery_dataset_iam_member",
      "name": "genai_logs_bq_writer",
      "provider": "provider[\"registry.terraform.io/hashicorp/google\"]",
      "instances": [
        {
          "schema_version": 0,
          "attributes": {
            "condition": [],
            "dataset_id": "travel_planner_telemetry",
            "etag": "",
            "id": "projects/super-billwencheng-test001/datasets/travel_planner_telemetry/roles/bigquery.dataEditor/serviceAccount:service-867862513515@gcp-sa-logging.iam.gserviceaccount.com",
            "member": "serviceAccount:service-867862513515@gcp-sa-logging.iam.gserviceaccount.com",
            "project": "super-billwencheng-test001",
            "role": "roles/bigquery.dataEditor"
          },
          "sensitive_attributes": [],
          "private": "bnVsbA==",
          "dependencies": [
            "google_bigquery_dataset.telemetry_dataset",
            "google_logging_project_sink.genai_logs_to_bq",
            "google_project_service.services"
          ]
        }
      ]
    },
    {
      "mode": "managed",
      "type": "google_bigquery_table",
      "name": "genai_logs_table",
      "provider": "provider[\"registry.terraform.io/hashicorp/google\"]",
      "instances": [
        {
          "schema_version": 0,
          "attributes": {
            "biglake_configuration": [],
            "clustering": null,
            "creation_time": 1786689639283,
            "dataset_id": "travel_planner_telemetry",
            "deletion_protection": false,
            "description": "GenAI inference logs exported directly from Cloud Logging",
            "effective_labels": {
              "goog-terraform-provisioned": "true"
            },
            "encryption_configuration": [],
            "etag": "Xx6scCXBD1SlJz1Ix8f3Tw==",
            "expiration_time": 0,
            "external_catalog_table_options": [],
            "external_data_configuration": [],
            "friendly_name": "",
            "generated_schema_columns": "",
            "id": "projects/super-billwencheng-test001/datasets/travel_planner_telemetry/tables/gen_ai_client_inference_operation_details",
            "ignore_auto_generated_schema": false,
            "ignore_schema_changes": null,
            "labels": {},
            "last_modified_time": 1786689639447,
            "location": "us-east1",
            "materialized_view": [],
            "max_staleness": "",
            "num_bytes": 0,
            "num_long_term_bytes": 0,
            "num_rows": 0,
            "project": "super-billwencheng-test001",
            "range_partitioning": [],
            "require_partition_filter": false,
            "resource_tags": {},
            "schema": "[{\"mode\":\"NULLABLE\",\"name\":\"logName\",\"type\":\"STRING\"},{\"mode\":\"NULLABLE\",\"name\":\"textPayload\",\"type\":\"STRING\"},{\"mode\":\"NULLABLE\",\"name\":\"timestamp\",\"type\":\"TIMESTAMP\"},{\"mode\":\"NULLABLE\",\"name\":\"receiveTimestamp\",\"type\":\"TIMESTAMP\"},{\"mode\":\"NULLABLE\",\"name\":\"severity\",\"type\":\"STRING\"},{\"mode\":\"NULLABLE\",\"name\":\"insertId\",\"type\":\"STRING\"},{\"mode\":\"NULLABLE\",\"name\":\"trace\",\"type\":\"STRING\"},{\"mode\":\"NULLABLE\",\"name\":\"spanId\",\"type\":\"STRING\"},{\"mode\":\"NULLABLE\",\"name\":\"traceSampled\",\"type\":\"BOOLEAN\"},{\"fields\":[{\"mode\":\"NULLABLE\",\"name\":\"type\",\"type\":\"STRING\"},{\"fields\":[{\"mode\":\"NULLABLE\",\"name\":\"project_id\",\"type\":\"STRING\"},{\"mode\":\"NULLABLE\",\"name\":\"location\",\"type\":\"STRING\"}],\"mode\":\"NULLABLE\",\"name\":\"labels\",\"type\":\"RECORD\"}],\"mode\":\"NULLABLE\",\"name\":\"resource\",\"type\":\"RECORD\"},{\"fields\":[{\"mode\":\"NULLABLE\",\"name\":\"gen_ai_conversation_id\",\"type\":\"STRING\"},{\"mode\":\"NULLABLE\",\"name\":\"gen_ai_agent_name\",\"type\":\"STRING\"},{\"mode\":\"NULLABLE\",\"name\":\"gen_ai_input_messages_ref\",\"type\":\"STRING\"},{\"mode\":\"NULLABLE\",\"name\":\"gen_ai_output_messages_ref\",\"type\":\"STRING\"},{\"mode\":\"NULLABLE\",\"name\":\"gen_ai_system_instructions_ref\",\"type\":\"STRING\"},{\"mode\":\"NULLABLE\",\"name\":\"gen_ai_usage_input_tokens\",\"type\":\"STRING\"},{\"mode\":\"NULLABLE\",\"name\":\"gen_ai_usage_output_tokens\",\"type\":\"STRING\"},{\"mode\":\"NULLABLE\",\"name\":\"gen_ai_response_finish_reasons\",\"type\":\"STRING\"},{\"mode\":\"NULLABLE\",\"name\":\"gen_ai_tool_definitions\",\"type\":\"STRING\"},{\"mode\":\"NULLABLE\",\"name\":\"gen_ai_tool_definitions_ref\",\"type\":\"STRING\"},{\"mode\":\"NULLABLE\",\"name\":\"gcp_vertex_agent_invocation_id\",\"type\":\"STRING\"},{\"mode\":\"NULLABLE\",\"name\":\"gcp_vertex_agent_event_id\",\"type\":\"STRING\"},{\"mode\":\"NULLABLE\",\"name\":\"event_name\",\"type\":\"STRING\"},{\"mode\":\"NULLABLE\",\"name\":\"user_id\",\"type\":\"STRING\"}],\"mode\":\"NULLABLE\",\"name\":\"labels\",\"type\":\"RECORD\"}]",
            "schema_foreign_type_info": [],
            "self_link": "https://bigquery.googleapis.com/bigquery/v2/projects/super-billwencheng-test001/datasets/travel_planner_telemetry/tables/gen_ai_client_inference_operation_details",
            "table_constraints": [],
            "table_id": "gen_ai_client_inference_operation_details",
            "table_metadata_view": null,
            "table_replication_info": [],
            "terraform_labels": {
              "goog-terraform-provisioned": "true"
            },
            "time_partitioning": [
              {
                "expiration_ms": 0,
                "field": "timestamp",
                "require_partition_filter": false,
                "type": "DAY"
              }
            ],
            "type": "TABLE",
            "view": []
          },
          "sensitive_attributes": [],
          "private": "bnVsbA==",
          "dependencies": [
            "google_bigquery_dataset.telemetry_dataset",
            "google_project_service.services"
          ]
        }
      ]
    },
    {
      "mode": "managed",
      "type": "google_cloud_run_v2_service",
      "name": "app",
      "provider": "provider[\"registry.terraform.io/hashicorp/google\"]",
      "instances": [
        {
          "schema_version": 0,
          "attributes": {
            "annotations": null,
            "binary_authorization": [],
            "build_config": [],
            "client": "",
            "client_version": "",
            "conditions": [
              {
                "execution_reason": "",
                "last_transition_time": "2026-08-18T06:32:35.660221Z",
                "message": "",
                "reason": "",
                "revision_reason": "",
                "severity": "",
                "state": "CONDITION_SUCCEEDED",
                "type": "RoutesReady"
              },
              {
                "execution_reason": "",
                "last_transition_time": "2026-08-18T06:32:27.707249Z",
                "message": "",
                "reason": "",
                "revision_reason": "",
                "severity": "",
                "state": "CONDITION_SUCCEEDED",
                "type": "ConfigurationsReady"
              }
            ],
            "create_time": "2026-08-18T06:32:26.756565Z",
            "creator": "admin@billwencheng.altostrat.com",
            "custom_audiences": null,
            "default_uri_disabled": false,
            "delete_time": "",
            "deletion_protection": false,
            "description": "",
            "effective_annotations": {},
            "effective_labels": {
              "created-by": "adk",
              "goog-terraform-provisioned": "true"
            },
            "etag": "\"CPr4j9QGEIiI4egC/cHJvamVjdHMvc3VwZXItYmlsbHdlbmNoZW5nLXRlc3QwMDEvbG9jYXRpb25zL3VzLWNlbnRyYWwxL3NlcnZpY2VzL3RyYXZlbC1wbGFubmVy\"",
            "expire_time": "",
            "generation": "1",
            "iap_enabled": false,
            "id": "projects/super-billwencheng-test001/locations/us-central1/services/travel-planner",
            "ingress": "INGRESS_TRAFFIC_ALL",
            "invoker_iam_disabled": false,
            "labels": {
              "created-by": "adk"
            },
            "last_modifier": "admin@billwencheng.altostrat.com",
            "latest_created_revision": "projects/super-billwencheng-test001/locations/us-central1/services/travel-planner/revisions/travel-planner-00001-5jv",
            "latest_ready_revision": "projects/super-billwencheng-test001/locations/us-central1/services/travel-planner/revisions/travel-planner-00001-5jv",
            "launch_stage": "GA",
            "location": "us-central1",
            "multi_region_settings": [],
            "name": "travel-planner",
            "observed_generation": "1",
            "project": "super-billwencheng-test001",
            "reconciling": false,
            "scaling": [
              {
                "manual_instance_count": 0,
                "max_instance_count": 100,
                "min_instance_count": 0,
                "scaling_mode": ""
              }
            ],
            "template": [
              {
                "annotations": null,
                "containers": [
                  {
                    "args": null,
                    "base_image_uri": "",
                    "build_info": [],
                    "command": null,
                    "depends_on": null,
                    "env": [
                      {
                        "name": "APP_URL",
                        "value": "https://travel-planner-867862513515.us-central1.run.app",
                        "value_source": []
                      },
                      {
                        "name": "GOOGLE_CLOUD_LOCATION",
                        "value": "global",
                        "value_source": []
                      },
                      {
                        "name": "GOOGLE_CLOUD_PROJECT",
                        "value": "super-billwencheng-test001",
                        "value_source": []
                      },
                      {
                        "name": "GOOGLE_GENAI_USE_VERTEXAI",
                        "value": "True",
                        "value_source": []
                      },
                      {
                        "name": "LOGS_BUCKET_NAME",
                        "value": "super-billwencheng-test001-travel-planner-logs",
                        "value_source": []
                      },
                      {
                        "name": "OTEL_INSTRUMENTATION_GENAI_CAPTURE_MESSAGE_CONTENT",
                        "value": "true",
                        "value_source": []
                      }
                    ],
                    "image": "us-docker.pkg.dev/cloudrun/container/hello",
                    "liveness_probe": [],
                    "name": "",
                    "ports": [
                      {
                        "container_port": 8080,
                        "name": "http1"
                      }
                    ],
                    "readiness_probe": [],
                    "resources": [
                      {
                        "cpu_idle": false,
                        "limits": {
                          "cpu": "1",
                          "memory": "4Gi"
                        },
                        "startup_cpu_boost": false
                      }
                    ],
                    "startup_probe": [
                      {
                        "failure_threshold": 1,
                        "grpc": [],
                        "http_get": [],
                        "initial_delay_seconds": 0,
                        "period_seconds": 240,
                        "tcp_socket": [
                          {
                            "port": 8080
                          }
                        ],
                        "timeout_seconds": 240
                      }
                    ],
                    "volume_mounts": [],
                    "working_dir": ""
                  }
                ],
                "encryption_key": "",
                "execution_environment": "",
                "gpu_zonal_redundancy_disabled": false,
                "health_check_disabled": false,
                "labels": null,
                "max_instance_request_concurrency": 8,
                "node_selector": [],
                "revision": "",
                "scaling": [
                  {
                    "max_instance_count": 10,
                    "min_instance_count": 1
                  }
                ],
                "service_account": "travel-planner-app@super-billwencheng-test001.iam.gserviceaccount.com",
                "session_affinity": true,
                "timeout": "300s",
                "volumes": [],
                "vpc_access": []
              }
            ],
            "terminal_condition": [
              {
                "execution_reason": "",
                "last_transition_time": "2026-08-18T06:32:35.695420Z",
                "message": "",
                "reason": "",
                "revision_reason": "",
                "severity": "",
                "state": "CONDITION_SUCCEEDED",
                "type": "Ready"
              }
            ],
            "terraform_labels": {
              "created-by": "adk",
              "goog-terraform-provisioned": "true"
            },
            "timeouts": null,
            "traffic": [
              {
                "percent": 100,
                "revision": "",
                "tag": "",
                "type": "TRAFFIC_TARGET_ALLOCATION_TYPE_LATEST"
              }
            ],
            "traffic_statuses": [
              {
                "percent": 100,
                "revision": "",
                "tag": "",
                "type": "TRAFFIC_TARGET_ALLOCATION_TYPE_LATEST",
                "uri": ""
              }
            ],
            "uid": "fdaa55b0-4ced-45e6-8bf6-3d81d2c707f8",
            "update_time": "2026-08-18T06:32:26.756565Z",
            "uri": "https://travel-planner-vb2n4nzyda-uc.a.run.app",
            "urls": [
              "https://travel-planner-867862513515.us-central1.run.app",
              "https://travel-planner-vb2n4nzyda-uc.a.run.app"
            ]
          },
          "sensitive_attributes": [],
          "private": "eyJlMmJmYjczMC1lY2FhLTExZTYtOGY4OC0zNDM2M2JjN2M0YzAiOnsiY3JlYXRlIjoxMjAwMDAwMDAwMDAwLCJkZWxldGUiOjEyMDAwMDAwMDAwMDAsInVwZGF0ZSI6MTIwMDAwMDAwMDAwMH19",
          "dependencies": [
            "data.google_project.project",
            "google_project_service.services",
            "google_service_account.app_sa",
            "google_storage_bucket.logs_data_bucket"
          ]
        }
      ]
    },
    {
      "mode": "managed",
      "type": "google_logging_project_sink",
      "name": "feedback_logs_to_bq",
      "provider": "provider[\"registry.terraform.io/hashicorp/google\"]",
      "instances": [
        {
          "schema_version": 0,
          "attributes": {
            "bigquery_options": [
              {
                "use_partitioned_tables": true
              }
            ],
            "custom_writer_identity": null,
            "description": "",
            "destination": "bigquery.googleapis.com/projects/super-billwencheng-test001/datasets/travel_planner_telemetry",
            "disabled": false,
            "exclusions": [],
            "filter": "jsonPayload.log_type=\"feedback\" jsonPayload.service_name=\"travel-planner\"",
            "id": "projects/super-billwencheng-test001/sinks/travel-planner-feedback",
            "name": "travel-planner-feedback",
            "project": "super-billwencheng-test001",
            "unique_writer_identity": true,
            "writer_identity": "serviceAccount:service-867862513515@gcp-sa-logging.iam.gserviceaccount.com"
          },
          "sensitive_attributes": [],
          "private": "bnVsbA==",
          "dependencies": [
            "google_bigquery_dataset.telemetry_dataset",
            "google_project_service.services"
          ]
        }
      ]
    },
    {
      "mode": "managed",
      "type": "google_logging_project_sink",
      "name": "genai_logs_to_bq",
      "provider": "provider[\"registry.terraform.io/hashicorp/google\"]",
      "instances": [
        {
          "schema_version": 0,
          "attributes": {
            "bigquery_options": [
              {
                "use_partitioned_tables": true
              }
            ],
            "custom_writer_identity": null,
            "description": "",
            "destination": "bigquery.googleapis.com/projects/super-billwencheng-test001/datasets/travel_planner_telemetry",
            "disabled": false,
            "exclusions": [],
            "filter": "log_name=\"projects/super-billwencheng-test001/logs/gen_ai.client.inference.operation.details\" AND (labels.\"gen_ai.input.messages_ref\" =~ \".*travel-planner.*\" OR labels.\"gen_ai.output.messages_ref\" =~ \".*travel-planner.*\")",
            "id": "projects/super-billwencheng-test001/sinks/travel-planner-genai-logs",
            "name": "travel-planner-genai-logs",
            "project": "super-billwencheng-test001",
            "unique_writer_identity": true,
            "writer_identity": "serviceAccount:service-867862513515@gcp-sa-logging.iam.gserviceaccount.com"
          },
          "sensitive_attributes": [],
          "private": "bnVsbA==",
          "dependencies": [
            "google_bigquery_dataset.telemetry_dataset",
            "google_project_service.services"
          ]
        }
      ]
    },
    {
      "mode": "managed",
      "type": "google_project_iam_member",
      "name": "app_sa_roles",
      "provider": "provider[\"registry.terraform.io/hashicorp/google\"]",
      "instances": [
        {
          "index_key": "default,roles/aiplatform.user",
          "schema_version": 0,
          "attributes": {
            "condition": [],
            "etag": "BwZZSzg1fyI=",
            "id": "super-billwencheng-test001/roles/aiplatform.user/serviceAccount:travel-planner-app@super-billwencheng-test001.iam.gserviceaccount.com",
            "member": "serviceAccount:travel-planner-app@super-billwencheng-test001.iam.gserviceaccount.com",
            "project": "super-billwencheng-test001",
            "role": "roles/aiplatform.user"
          },
          "sensitive_attributes": [],
          "private": "bnVsbA==",
          "dependencies": [
            "google_project_service.services",
            "google_service_account.app_sa"
          ]
        },
        {
          "index_key": "default,roles/cloudtrace.agent",
          "schema_version": 0,
          "attributes": {
            "condition": [],
            "etag": "BwZZSzg1fyI=",
            "id": "super-billwencheng-test001/roles/cloudtrace.agent/serviceAccount:travel-planner-app@super-billwencheng-test001.iam.gserviceaccount.com",
            "member": "serviceAccount:travel-planner-app@super-billwencheng-test001.iam.gserviceaccount.com",
            "project": "super-billwencheng-test001",
            "role": "roles/cloudtrace.agent"
          },
          "sensitive_attributes": [],
          "private": "bnVsbA==",
          "dependencies": [
            "google_project_service.services",
            "google_service_account.app_sa"
          ]
        },
        {
          "index_key": "default,roles/logging.logWriter",
          "schema_version": 0,
          "attributes": {
            "condition": [],
            "etag": "BwZZSzg1fyI=",
            "id": "super-billwencheng-test001/roles/logging.logWriter/serviceAccount:travel-planner-app@super-billwencheng-test001.iam.gserviceaccount.com",
            "member": "serviceAccount:travel-planner-app@super-billwencheng-test001.iam.gserviceaccount.com",
            "project": "super-billwencheng-test001",
            "role": "roles/logging.logWriter"
          },
          "sensitive_attributes": [],
          "private": "bnVsbA==",
          "dependencies": [
            "google_project_service.services",
            "google_service_account.app_sa"
          ]
        },
        {
          "index_key": "default,roles/serviceusage.serviceUsageConsumer",
          "schema_version": 0,
          "attributes": {
            "condition": [],
            "etag": "BwZZSzg1fyI=",
            "id": "super-billwencheng-test001/roles/serviceusage.serviceUsageConsumer/serviceAccount:travel-planner-app@super-billwencheng-test001.iam.gserviceaccount.com",
            "member": "serviceAccount:travel-planner-app@super-billwencheng-test001.iam.gserviceaccount.com",
            "project": "super-billwencheng-test001",
            "role": "roles/serviceusage.serviceUsageConsumer"
          },
          "sensitive_attributes": [],
          "private": "bnVsbA==",
          "dependencies": [
            "google_project_service.services",
            "google_service_account.app_sa"
          ]
        },
        {
          "index_key": "default,roles/storage.admin",
          "schema_version": 0,
          "attributes": {
            "condition": [],
            "etag": "BwZZSzg1fyI=",
            "id": "super-billwencheng-test001/roles/storage.admin/serviceAccount:travel-planner-app@super-billwencheng-test001.iam.gserviceaccount.com",
            "member": "serviceAccount:travel-planner-app@super-billwencheng-test001.iam.gserviceaccount.com",
            "project": "super-billwencheng-test001",
            "role": "roles/storage.admin"
          },
          "sensitive_attributes": [],
          "private": "bnVsbA==",
          "dependencies": [
            "google_project_service.services",
            "google_service_account.app_sa"
          ]
        }
      ]
    },
    {
      "mode": "managed",
      "type": "google_project_iam_member",
      "name": "default_compute_sa_storage_object_creator",
      "provider": "provider[\"registry.terraform.io/hashicorp/google\"]",
      "instances": [
        {
          "schema_version": 0,
          "attributes": {
            "condition": [],
            "etag": "BwZZSzg1fyI=",
            "id": "super-billwencheng-test001/roles/cloudbuild.builds.builder/serviceAccount:867862513515-compute@developer.gserviceaccount.com",
            "member": "serviceAccount:867862513515-compute@developer.gserviceaccount.com",
            "project": "super-billwencheng-test001",
            "role": "roles/cloudbuild.builds.builder"
          },
          "sensitive_attributes": [],
          "private": "bnVsbA==",
          "dependencies": [
            "data.google_project.project",
            "google_project_service.services"
          ]
        }
      ]
    },
    {
      "mode": "managed",
      "type": "google_project_service",
      "name": "services",
      "provider": "provider[\"registry.terraform.io/hashicorp/google\"]",
      "instances": [
        {
          "index_key": 0,
          "schema_version": 0,
          "attributes": {
            "disable_dependent_services": null,
            "disable_on_destroy": false,
            "id": "super-billwencheng-test001/aiplatform.googleapis.com",
            "project": "super-billwencheng-test001",
            "service": "aiplatform.googleapis.com",
            "timeouts": null
          },
          "sensitive_attributes": [],
          "private": "eyJlMmJmYjczMC1lY2FhLTExZTYtOGY4OC0zNDM2M2JjN2M0YzAiOnsiY3JlYXRlIjoxMjAwMDAwMDAwMDAwLCJkZWxldGUiOjEyMDAwMDAwMDAwMDAsInJlYWQiOjYwMDAwMDAwMDAwMCwidXBkYXRlIjoxMjAwMDAwMDAwMDAwfX0="
        },
        {
          "index_key": 1,
          "schema_version": 0,
          "attributes": {
            "disable_dependent_services": null,
            "disable_on_destroy": false,
            "id": "super-billwencheng-test001/cloudbuild.googleapis.com",
            "project": "super-billwencheng-test001",
            "service": "cloudbuild.googleapis.com",
            "timeouts": null
          },
          "sensitive_attributes": [],
          "private": "eyJlMmJmYjczMC1lY2FhLTExZTYtOGY4OC0zNDM2M2JjN2M0YzAiOnsiY3JlYXRlIjoxMjAwMDAwMDAwMDAwLCJkZWxldGUiOjEyMDAwMDAwMDAwMDAsInJlYWQiOjYwMDAwMDAwMDAwMCwidXBkYXRlIjoxMjAwMDAwMDAwMDAwfX0="
        },
        {
          "index_key": 2,
          "schema_version": 0,
          "attributes": {
            "disable_dependent_services": null,
            "disable_on_destroy": false,
            "id": "super-billwencheng-test001/run.googleapis.com",
            "project": "super-billwencheng-test001",
            "service": "run.googleapis.com",
            "timeouts": null
          },
          "sensitive_attributes": [],
          "private": "eyJlMmJmYjczMC1lY2FhLTExZTYtOGY4OC0zNDM2M2JjN2M0YzAiOnsiY3JlYXRlIjoxMjAwMDAwMDAwMDAwLCJkZWxldGUiOjEyMDAwMDAwMDAwMDAsInJlYWQiOjYwMDAwMDAwMDAwMCwidXBkYXRlIjoxMjAwMDAwMDAwMDAwfX0="
        },
        {
          "index_key": 3,
          "schema_version": 0,
          "attributes": {
            "disable_dependent_services": null,
            "disable_on_destroy": false,
            "id": "super-billwencheng-test001/bigquery.googleapis.com",
            "project": "super-billwencheng-test001",
            "service": "bigquery.googleapis.com",
            "timeouts": null
          },
          "sensitive_attributes": [],
          "private": "eyJlMmJmYjczMC1lY2FhLTExZTYtOGY4OC0zNDM2M2JjN2M0YzAiOnsiY3JlYXRlIjoxMjAwMDAwMDAwMDAwLCJkZWxldGUiOjEyMDAwMDAwMDAwMDAsInJlYWQiOjYwMDAwMDAwMDAwMCwidXBkYXRlIjoxMjAwMDAwMDAwMDAwfX0="
        },
        {
          "index_key": 4,
          "schema_version": 0,
          "attributes": {
            "disable_dependent_services": null,
            "disable_on_destroy": false,
            "id": "super-billwencheng-test001/cloudresourcemanager.googleapis.com",
            "project": "super-billwencheng-test001",
            "service": "cloudresourcemanager.googleapis.com",
            "timeouts": null
          },
          "sensitive_attributes": [],
          "private": "eyJlMmJmYjczMC1lY2FhLTExZTYtOGY4OC0zNDM2M2JjN2M0YzAiOnsiY3JlYXRlIjoxMjAwMDAwMDAwMDAwLCJkZWxldGUiOjEyMDAwMDAwMDAwMDAsInJlYWQiOjYwMDAwMDAwMDAwMCwidXBkYXRlIjoxMjAwMDAwMDAwMDAwfX0="
        },
        {
          "index_key": 5,
          "schema_version": 0,
          "attributes": {
            "disable_dependent_services": null,
            "disable_on_destroy": false,
            "id": "super-billwencheng-test001/iam.googleapis.com",
            "project": "super-billwencheng-test001",
            "service": "iam.googleapis.com",
            "timeouts": null
          },
          "sensitive_attributes": [],
          "private": "eyJlMmJmYjczMC1lY2FhLTExZTYtOGY4OC0zNDM2M2JjN2M0YzAiOnsiY3JlYXRlIjoxMjAwMDAwMDAwMDAwLCJkZWxldGUiOjEyMDAwMDAwMDAwMDAsInJlYWQiOjYwMDAwMDAwMDAwMCwidXBkYXRlIjoxMjAwMDAwMDAwMDAwfX0="
        },
        {
          "index_key": 6,
          "schema_version": 0,
          "attributes": {
            "disable_dependent_services": null,
            "disable_on_destroy": false,
            "id": "super-billwencheng-test001/serviceusage.googleapis.com",
            "project": "super-billwencheng-test001",
            "service": "serviceusage.googleapis.com",
            "timeouts": null
          },
          "sensitive_attributes": [],
          "private": "eyJlMmJmYjczMC1lY2FhLTExZTYtOGY4OC0zNDM2M2JjN2M0YzAiOnsiY3JlYXRlIjoxMjAwMDAwMDAwMDAwLCJkZWxldGUiOjEyMDAwMDAwMDAwMDAsInJlYWQiOjYwMDAwMDAwMDAwMCwidXBkYXRlIjoxMjAwMDAwMDAwMDAwfX0="
        },
        {
          "index_key": 7,
          "schema_version": 0,
          "attributes": {
            "disable_dependent_services": null,
            "disable_on_destroy": false,
            "id": "super-billwencheng-test001/logging.googleapis.com",
            "project": "super-billwencheng-test001",
            "service": "logging.googleapis.com",
            "timeouts": null
          },
          "sensitive_attributes": [],
          "private": "eyJlMmJmYjczMC1lY2FhLTExZTYtOGY4OC0zNDM2M2JjN2M0YzAiOnsiY3JlYXRlIjoxMjAwMDAwMDAwMDAwLCJkZWxldGUiOjEyMDAwMDAwMDAwMDAsInJlYWQiOjYwMDAwMDAwMDAwMCwidXBkYXRlIjoxMjAwMDAwMDAwMDAwfX0="
        },
        {
          "index_key": 8,
          "schema_version": 0,
          "attributes": {
            "disable_dependent_services": null,
            "disable_on_destroy": false,
            "id": "super-billwencheng-test001/cloudtrace.googleapis.com",
            "project": "super-billwencheng-test001",
            "service": "cloudtrace.googleapis.com",
            "timeouts": null
          },
          "sensitive_attributes": [],
          "private": "eyJlMmJmYjczMC1lY2FhLTExZTYtOGY4OC0zNDM2M2JjN2M0YzAiOnsiY3JlYXRlIjoxMjAwMDAwMDAwMDAwLCJkZWxldGUiOjEyMDAwMDAwMDAwMDAsInJlYWQiOjYwMDAwMDAwMDAwMCwidXBkYXRlIjoxMjAwMDAwMDAwMDAwfX0="
        },
        {
          "index_key": 9,
          "schema_version": 0,
          "attributes": {
            "disable_dependent_services": null,
            "disable_on_destroy": false,
            "id": "super-billwencheng-test001/telemetry.googleapis.com",
            "project": "super-billwencheng-test001",
            "service": "telemetry.googleapis.com",
            "timeouts": null
          },
          "sensitive_attributes": [],
          "private": "eyJlMmJmYjczMC1lY2FhLTExZTYtOGY4OC0zNDM2M2JjN2M0YzAiOnsiY3JlYXRlIjoxMjAwMDAwMDAwMDAwLCJkZWxldGUiOjEyMDAwMDAwMDAwMDAsInJlYWQiOjYwMDAwMDAwMDAwMCwidXBkYXRlIjoxMjAwMDAwMDAwMDAwfX0="
        },
        {
          "index_key": 10,
          "schema_version": 0,
          "attributes": {
            "disable_dependent_services": null,
            "disable_on_destroy": false,
            "id": "super-billwencheng-test001/firestore.googleapis.com",
            "project": "super-billwencheng-test001",
            "service": "firestore.googleapis.com",
            "timeouts": null
          },
          "sensitive_attributes": [],
          "private": "eyJlMmJmYjczMC1lY2FhLTExZTYtOGY4OC0zNDM2M2JjN2M0YzAiOnsiY3JlYXRlIjoxMjAwMDAwMDAwMDAwLCJkZWxldGUiOjEyMDAwMDAwMDAwMDAsInJlYWQiOjYwMDAwMDAwMDAwMCwidXBkYXRlIjoxMjAwMDAwMDAwMDAwfX0="
        },
        {
          "index_key": 11,
          "schema_version": 0,
          "attributes": {
            "disable_dependent_services": null,
            "disable_on_destroy": false,
            "id": "super-billwencheng-test001/secretmanager.googleapis.com",
            "project": "super-billwencheng-test001",
            "service": "secretmanager.googleapis.com",
            "timeouts": null
          },
          "sensitive_attributes": [],
          "private": "eyJlMmJmYjczMC1lY2FhLTExZTYtOGY4OC0zNDM2M2JjN2M0YzAiOnsiY3JlYXRlIjoxMjAwMDAwMDAwMDAwLCJkZWxldGUiOjEyMDAwMDAwMDAwMDAsInJlYWQiOjYwMDAwMDAwMDAwMCwidXBkYXRlIjoxMjAwMDAwMDAwMDAwfX0="
        }
      ]
    },
    {
      "mode": "managed",
      "type": "google_project_service_identity",
      "name": "vertex_sa",
      "provider": "provider[\"registry.terraform.io/hashicorp/google-beta\"]",
      "instances": [
        {
          "schema_version": 0,
          "attributes": {
            "email": "service-867862513515@gcp-sa-aiplatform.iam.gserviceaccount.com",
            "id": "projects/super-billwencheng-test001/services/aiplatform.googleapis.com",
            "member": "serviceAccount:service-867862513515@gcp-sa-aiplatform.iam.gserviceaccount.com",
            "project": "super-billwencheng-test001",
            "service": "aiplatform.googleapis.com",
            "timeouts": null
          },
          "sensitive_attributes": [],
          "private": "eyJlMmJmYjczMC1lY2FhLTExZTYtOGY4OC0zNDM2M2JjN2M0YzAiOnsiY3JlYXRlIjoxMjAwMDAwMDAwMDAwLCJkZWxldGUiOjEyMDAwMDAwMDAwMDAsInJlYWQiOjYwMDAwMDAwMDAwMH19"
        }
      ]
    },
    {
      "mode": "managed",
      "type": "google_secret_manager_secret",
      "name": "api_keys",
      "provider": "provider[\"registry.terraform.io/hashicorp/google\"]",
      "instances": [
        {
          "schema_version": 0,
          "attributes": {
            "annotations": {},
            "create_time": "2026-08-14T06:40:37.482463Z",
            "deletion_protection": false,
            "effective_annotations": {},
            "effective_labels": {
              "goog-terraform-provisioned": "true"
            },
            "expire_time": "",
            "id": "projects/super-billwencheng-test001/secrets/travel-planner-api-keys",
            "labels": {},
            "name": "projects/867862513515/secrets/travel-planner-api-keys",
            "project": "super-billwencheng-test001",
            "replication": [
              {
                "auto": [
                  {
                    "customer_managed_encryption": []
                  }
                ],
                "user_managed": []
              }
            ],
            "rotation": [],
            "secret_id": "travel-planner-api-keys",
            "tags": null,
            "terraform_labels": {
              "goog-terraform-provisioned": "true"
            },
            "timeouts": null,
            "topics": [],
            "ttl": null,
            "version_aliases": {},
            "version_destroy_ttl": ""
          },
          "sensitive_attributes": [],
          "private": "eyJlMmJmYjczMC1lY2FhLTExZTYtOGY4OC0zNDM2M2JjN2M0YzAiOnsiY3JlYXRlIjoxMjAwMDAwMDAwMDAwLCJkZWxldGUiOjEyMDAwMDAwMDAwMDAsInVwZGF0ZSI6MTIwMDAwMDAwMDAwMH19",
          "dependencies": [
            "google_project_service.services"
          ]
        }
      ]
    },
    {
      "mode": "managed",
      "type": "google_service_account",
      "name": "app_sa",
      "provider": "provider[\"registry.terraform.io/hashicorp/google\"]",
      "instances": [
        {
          "schema_version": 0,
          "attributes": {
            "account_id": "travel-planner-app",
            "create_ignore_already_exists": null,
            "description": "",
            "disabled": false,
            "display_name": "travel-planner Agent Service Account",
            "email": "travel-planner-app@super-billwencheng-test001.iam.gserviceaccount.com",
            "id": "projects/super-billwencheng-test001/serviceAccounts/travel-planner-app@super-billwencheng-test001.iam.gserviceaccount.com",
            "member": "serviceAccount:travel-planner-app@super-billwencheng-test001.iam.gserviceaccount.com",
            "name": "projects/super-billwencheng-test001/serviceAccounts/travel-planner-app@super-billwencheng-test001.iam.gserviceaccount.com",
            "project": "super-billwencheng-test001",
            "timeouts": null,
            "unique_id": "104538969453460991719"
          },
          "sensitive_attributes": [],
          "private": "eyJlMmJmYjczMC1lY2FhLTExZTYtOGY4OC0zNDM2M2JjN2M0YzAiOnsiY3JlYXRlIjozMDAwMDAwMDAwMDB9LCJzY2hlbWFfdmVyc2lvbiI6IjAifQ==",
          "dependencies": [
            "google_project_service.services"
          ]
        }
      ]
    },
    {
      "mode": "managed",
      "type": "google_storage_bucket",
      "name": "logs_data_bucket",
      "provider": "provider[\"registry.terraform.io/hashicorp/google\"]",
      "instances": [
        {
          "schema_version": 4,
          "attributes": {
            "autoclass": [],
            "cors": [],
            "custom_placement_config": [],
            "default_event_based_hold": false,
            "effective_labels": {
              "goog-terraform-provisioned": "true"
            },
            "enable_object_retention": false,
            "encryption": [],
            "force_destroy": false,
            "hierarchical_namespace": [
              {
                "enabled": false
              }
            ],
            "id": "super-billwencheng-test001-travel-planner-logs",
            "ip_filter": [],
            "labels": null,
            "lifecycle_rule": [],
            "location": "US-CENTRAL1",
            "logging": [],
            "name": "super-billwencheng-test001-travel-planner-logs",
            "project": "super-billwencheng-test001",
            "project_number": 867862513515,
            "public_access_prevention": "inherited",
            "requester_pays": false,
            "retention_policy": [],
            "rpo": null,
            "self_link": "https://www.googleapis.com/storage/v1/b/super-billwencheng-test001-travel-planner-logs",
            "soft_delete_policy": [
              {
                "effective_time": "2026-08-18T06:32:23.680Z",
                "retention_duration_seconds": 604800
              }
            ],
            "storage_class": "STANDARD",
            "terraform_labels": {
              "goog-terraform-provisioned": "true"
            },
            "time_created": "2026-08-18T06:32:23.680Z",
            "timeouts": null,
            "uniform_bucket_level_access": true,
            "updated": "2026-08-18T06:32:23.680Z",
            "url": "gs://super-billwencheng-test001-travel-planner-logs",
            "versioning": [],
            "website": []
          },
          "sensitive_attributes": [],
          "private": "eyJlMmJmYjczMC1lY2FhLTExZTYtOGY4OC0zNDM2M2JjN2M0YzAiOnsiY3JlYXRlIjo2MDAwMDAwMDAwMDAsInJlYWQiOjI0MDAwMDAwMDAwMCwidXBkYXRlIjoyNDAwMDAwMDAwMDB9LCJzY2hlbWFfdmVyc2lvbiI6IjQifQ==",
          "dependencies": [
            "google_project_service.services"
          ]
        }
      ]
    },
    {
      "mode": "managed",
      "type": "time_sleep",
      "name": "wait_for_bq_connection_sa",
      "provider": "provider[\"registry.terraform.io/hashicorp/time\"]",
      "instances": [
        {
          "schema_version": 0,
          "attributes": {
            "create_duration": "10s",
            "destroy_duration": null,
            "id": "2026-08-18T05:03:08Z",
            "triggers": null
          },
          "sensitive_attributes": [],
          "dependencies": [
            "google_bigquery_connection.genai_telemetry_connection",
            "google_project_service.services"
          ]
        }
      ]
    }
  ],
  "check_results": null
}
